// !$*UTF8*$!
{
	archiveVersion = 1;
	classes = {
	};
	objectVersion = 50;
	objects = {

/* Begin PBXBuildFile section */
		362C5084265FD607000AAD33 /* Cupcake_CornerApp.swift in Sources */ = {isa = PBXBuildFile; fileRef = 362C5083265FD607000AAD33 /* Cupcake_CornerApp.swift */; };
		362C5086265FD607000AAD33 /* iTunesContentView.swift in Sources */ = {isa = PBXBuildFile; fileRef = 362C5085265FD607000AAD33 /* iTunesContentView.swift */; };
		362C5088265FD60F000AAD33 /* Assets.xcassets in Resources */ = {isa = PBXBuildFile; fileRef = 362C5087265FD60F000AAD33 /* Assets.xcassets */; };
		362C508B265FD60F000AAD33 /* Preview Assets.xcassets in Resources */ = {isa = PBXBuildFile; fileRef = 362C508A265FD60F000AAD33 /* Preview Assets.xcassets */; };
		362C5093265FD6B8000AAD33 /* User.swift in Sources */ = {isa = PBXBuildFile; fileRef = 362C5092265FD6B8000AAD33 /* User.swift */; };
		362C509726644D2B000AAD33 /* ReadMe.txt in Resources */ = {isa = PBXBuildFile; fileRef = 362C509626644D2B000AAD33 /* ReadMe.txt */; };
		368893612684AE15002B4B40 /* CheckoutView.swift in Sources */ = {isa = PBXBuildFile; fileRef = 368893602684AE15002B4B40 /* CheckoutView.swift */; };
		36A75D5A2666939E009EE58C /* ITunesDataModel.swift in Sources */ = {isa = PBXBuildFile; fileRef = 36A75D592666939E009EE58C /* ITunesDataModel.swift */; };
		36A75D5C2666B43A009EE58C /* SignUpContentView.swift in Sources */ = {isa = PBXBuildFile; fileRef = 36A75D5B2666B43A009EE58C /* SignUpContentView.swift */; };
		36A75D5E2666B581009EE58C /* ContentView.swift in Sources */ = {isa = PBXBuildFile; fileRef = 36A75D5D2666B581009EE58C /* ContentView.swift */; };
		36A75D612666B646009EE58C /* Order.swift in Sources */ = {isa = PBXBuildFile; fileRef = 36A75D602666B646009EE58C /* Order.swift */; };
		36A75D652666BABD009EE58C /* AddressView.swift in Sources */ = {isa = PBXBuildFile; fileRef = 36A75D642666BABD009EE58C /* AddressView.swift */; };
/* End PBXBuildFile section */

/* Begin PBXFileReference section */
		362C5080265FD607000AAD33 /* Cupcake Corner.app */ = {isa = PBXFileReference; explicitFileType = wrapper.application; includeInIndex = 0; path = "Cupcake Corner.app"; sourceTree = BUILT_PRODUCTS_DIR; };
		362C5083265FD607000AAD33 /* Cupcake_CornerApp.swift */ = {isa = PBXFileReference; lastKnownFileType = sourcecode.swift; path = Cupcake_CornerApp.swift; sourceTree = "<group>"; };
		362C5085265FD607000AAD33 /* iTunesContentView.swift */ = {isa = PBXFileReference; lastKnownFileType = sourcecode.swift; path = iTunesContentView.swift; sourceTree = "<group>"; };
		362C5087265FD60F000AAD33 /* Assets.xcassets */ = {isa = PBXFileReference; lastKnownFileType = folder.assetcatalog; path = Assets.xcassets; sourceTree = "<group>"; };
		362C508A265FD60F000AAD33 /* Preview Assets.xcassets */ = {isa = PBXFileReference; lastKnownFileType = folder.assetcatalog; path = "Preview Assets.xcassets"; sourceTree = "<group>"; };
		362C508C265FD60F000AAD33 /* Info.plist */ = {isa = PBXFileReference; lastKnownFileType = text.plist.xml; path = Info.plist; sourceTree = "<group>"; };
		362C5092265FD6B8000AAD33 /* User.swift */ = {isa = PBXFileReference; lastKnownFileType = sourcecode.swift; path = User.swift; sourceTree = "<group>"; };
		362C509626644D2B000AAD33 /* ReadMe.txt */ = {isa = PBXFileReference; lastKnownFileType = text; path = ReadMe.txt; sourceTree = "<group>"; };
		368893602684AE15002B4B40 /* CheckoutView.swift */ = {isa = PBXFileReference; lastKnownFileType = sourcecode.swift; path = CheckoutView.swift; sourceTree = "<group>"; };
		36A75D592666939E009EE58C /* ITunesDataModel.swift */ = {isa = PBXFileReference; lastKnownFileType = sourcecode.swift; path = ITunesDataModel.swift; sourceTree = "<group>"; };
		36A75D5B2666B43A009EE58C /* SignUpContentView.swift */ = {isa = PBXFileReference; lastKnownFileType = sourcecode.swift; path = SignUpContentView.swift; sourceTree = "<group>"; };
		36A75D5D2666B581009EE58C /* ContentView.swift */ = {isa = PBXFileReference; lastKnownFileType = sourcecode.swift; path = ContentView.swift; sourceTree = "<group>"; };
		36A75D602666B646009EE58C /* Order.swift */ = {isa = PBXFileReference; lastKnownFileType = sourcecode.swift; path = Order.swift; sourceTree = "<group>"; };
		36A75D642666BABD009EE58C /* AddressView.swift */ = {isa = PBXFileReference; lastKnownFileType = sourcecode.swift; path = AddressView.swift; sourceTree = "<group>"; };
/* End PBXFileReference section */

/* Begin PBXFrameworksBuildPhase section */
		362C507D265FD607000AAD33 /* Frameworks */ = {
			isa = PBXFrameworksBuildPhase;
			buildActionMask = 2147483647;
			files = (
			);
			runOnlyForDeploymentPostprocessing = 0;
		};
/* End PBXFrameworksBuildPhase section */

/* Begin PBXGroup section */
		362C5077265FD606000AAD33 = {
			isa = PBXGroup;
			children = (
				362C509626644D2B000AAD33 /* ReadMe.txt */,
				362C5082265FD607000AAD33 /* Cupcake Corner */,
				362C5081265FD607000AAD33 /* Products */,
			);
			sourceTree = "<group>";
		};
		362C5081265FD607000AAD33 /* Products */ = {
			isa = PBXGroup;
			children = (
				362C5080265FD607000AAD33 /* Cupcake Corner.app */,
			);
			name = Products;
			sourceTree = "<group>";
		};
		362C5082265FD607000AAD33 /* Cupcake Corner */ = {
			isa = PBXGroup;
			children = (
				362C5083265FD607000AAD33 /* Cupcake_CornerApp.swift */,
				36A75D5D2666B581009EE58C /* ContentView.swift */,
				3688935E2684AD3D002B4B40 /* Views */,
				3688935F2684AD58002B4B40 /* ViewModels */,
				36A75D5F2666B61B009EE58C /* Tutorials */,
				362C5087265FD60F000AAD33 /* Assets.xcassets */,
				362C508C265FD60F000AAD33 /* Info.plist */,
				362C5089265FD60F000AAD33 /* Preview Content */,
			);
			path = "Cupcake Corner";
			sourceTree = "<group>";
		};
		362C5089265FD60F000AAD33 /* Preview Content */ = {
			isa = PBXGroup;
			children = (
				362C508A265FD60F000AAD33 /* Preview Assets.xcassets */,
			);
			path = "Preview Content";
			sourceTree = "<group>";
		};
		3688935E2684AD3D002B4B40 /* Views */ = {
			isa = PBXGroup;
			children = (
				36A75D642666BABD009EE58C /* AddressView.swift */,
				368893602684AE15002B4B40 /* CheckoutView.swift */,
			);
			path = Views;
			sourceTree = "<group>";
		};
		3688935F2684AD58002B4B40 /* ViewModels */ = {
			isa = PBXGroup;
			children = (
				36A75D602666B646009EE58C /* Order.swift */,
				362C5092265FD6B8000AAD33 /* User.swift */,
			);
			path = ViewModels;
			sourceTree = "<group>";
		};
		36A75D5F2666B61B009EE58C /* Tutorials */ = {
			isa = PBXGroup;
			children = (
				36A75D592666939E009EE58C /* ITunesDataModel.swift */,
				362C5085265FD607000AAD33 /* iTunesContentView.swift */,
				36A75D5B2666B43A009EE58C /* SignUpContentView.swift */,
			);
			path = Tutorials;
			sourceTree = "<group>";
		};
/* End PBXGroup section */

/* Begin PBXNativeTarget section */
		362C507F265FD607000AAD33 /* Cupcake Corner */ = {
			isa = PBXNativeTarget;
			buildConfigurationList = 362C508F265FD60F000AAD33 /* Build configuration list for PBXNativeTarget "Cupcake Corner" */;
			buildPhases = (
				362C507C265FD607000AAD33 /* Sources */,
				362C507D265FD607000AAD33 /* Frameworks */,
				362C507E265FD607000AAD33 /* Resources */,
			);
			buildRules = (
			);
			dependencies = (
			);
			name = "Cupcake Corner";
			productName = "Cupcake Corner";
			productReference = 362C5080265FD607000AAD33 /* Cupcake Corner.app */;
			productType = "com.apple.product-type.application";
		};
/* End PBXNativeTarget section */

/* Begin PBXProject section */
		362C5078265FD606000AAD33 /* Project object */ = {
			isa = PBXProject;
			attributes = {
				LastSwiftUpdateCheck = 1250;
				LastUpgradeCheck = 1250;
				TargetAttributes = {
					362C507F265FD607000AAD33 = {
						CreatedOnToolsVersion = 12.5;
					};
				};
			};
			buildConfigurationList = 362C507B265FD606000AAD33 /* Build configuration list for PBXProject "Cupcake Corner" */;
			compatibilityVersion = "Xcode 9.3";
			developmentRegion = en;
			hasScannedForEncodings = 0;
			knownRegions = (
				en,
				Base,
			);
			mainGroup = 362C5077265FD606000AAD33;
			productRefGroup = 362C5081265FD607000AAD33 /* Products */;
			projectDirPath = "";
			projectRoot = "";
			targets = (
				362C507F265FD607000AAD33 /* Cupcake Corner */,
			);
		};
/* End PBXProject section */

/* Begin PBXResourcesBuildPhase section */
		362C507E265FD607000AAD33 /* Resources */ = {
			isa = PBXResourcesBuildPhase;
			buildActionMask = 2147483647;
			files = (
				362C508B265FD60F000AAD33 /* Preview Assets.xcassets in Resources */,
				362C509726644D2B000AAD33 /* ReadMe.txt in Resources */,
				362C5088265FD60F000AAD33 /* Assets.xcassets in Resources */,
			);
			runOnlyForDeploymentPostprocessing = 0;
		};
/* End PBXResourcesBuildPhase section */

/* Begin PBXSourcesBuildPhase section */
		362C507C265FD607000AAD33 /* Sources */ = {
			isa = PBXSourcesBuildPhase;
			buildActionMask = 2147483647;
			files = (
				362C5086265FD607000AAD33 /* iTunesContentView.swift in Sources */,
				36A75D5C2666B43A009EE58C /* SignUpContentView.swift in Sources */,
				36A75D5E2666B581009EE58C /* ContentView.swift in Sources */,
				362C5084265FD607000AAD33 /* Cupcake_CornerApp.swift in Sources */,
				362C5093265FD6B8000AAD33 /* User.swift in Sources */,
				36A75D652666BABD009EE58C /* AddressView.swift in Sources */,
				36A75D5A2666939E009EE58C /* ITunesDataModel.swift in Sources */,
				36A75D612666B646009EE58C /* Order.swift in Sources */,
				368893612684AE15002B4B40 /* CheckoutView.swift in Sources */,
			);
			runOnlyForDeploymentPostprocessing = 0;
		};
/* End PBXSourcesBuildPhase section */

/* Begin XCBuildConfiguration section */
		362C508D265FD60F000AAD33 /* Debug */ = {
			isa = XCBuildConfiguration;
			buildSettings = {
				ALWAYS_SEARCH_USER_PATHS = NO;
				CLANG_ANALYZER_NONNULL = YES;
				CLANG_ANALYZER_NUMBER_OBJECT_CONVERSION = YES_AGGRESSIVE;
				CLANG_CXX_LANGUAGE_STANDARD = "gnu++14";
				CLANG_CXX_LIBRARY = "libc++";
				CLANG_ENABLE_MODULES = YES;
				CLANG_ENABLE_OBJC_ARC = YES;
				CLANG_ENABLE_OBJC_WEAK = YES;
				CLANG_WARN_BLOCK_CAPTURE_AUTORELEASING = YES;
				CLANG_WARN_BOOL_CONVERSION = YES;
				CLANG_WARN_COMMA = YES;
				CLANG_WARN_CONSTANT_CONVERSION = YES;
				CLANG_WARN_DEPRECATED_OBJC_IMPLEMENTATIONS = YES;
				CLANG_WARN_DIRECT_OBJC_ISA_USAGE = YES_ERROR;
				CLANG_WARN_DOCUMENTATION_COMMENTS = YES;
				CLANG_WARN_EMPTY_BODY = YES;
				CLANG_WARN_ENUM_CONVERSION = YES;
				CLANG_WARN_INFINITE_RECURSION = YES;
				CLANG_WARN_INT_CONVERSION = YES;
				CLANG_WARN_NON_LITERAL_NULL_CONVERSION = YES;
				CLANG_WARN_OBJC_IMPLICIT_RETAIN_SELF = YES;
				CLANG_WARN_OBJC_LITERAL_CONVERSION = YES;
				CLANG_WARN_OBJC_ROOT_CLASS = YES_ERROR;
				CLANG_WARN_QUOTED_INCLUDE_IN_FRAMEWORK_HEADER = YES;
				CLANG_WARN_RANGE_LOOP_ANALYSIS = YES;
				CLANG_WARN_STRICT_PROTOTYPES = YES;
				CLANG_WARN_SUSPICIOUS_MOVE = YES;
				CLANG_WARN_UNGUARDED_AVAILABILITY = YES_AGGRESSIVE;
				CLANG_WARN_UNREACHABLE_CODE = YES;
				CLANG_WARN__DUPLICATE_METHOD_MATCH = YES;
				COPY_PHASE_STRIP = NO;
				DEBUG_INFORMATION_FORMAT = dwarf;
				ENABLE_STRICT_OBJC_MSGSEND = YES;
				ENABLE_TESTABILITY = YES;
				GCC_C_LANGUAGE_STANDARD = gnu11;
				GCC_DYNAMIC_NO_PIC = NO;
				GCC_NO_COMMON_BLOCKS = YES;
				GCC_OPTIMIZATION_LEVEL = 0;
				GCC_PREPROCESSOR_DEFINITIONS = (
					"DEBUG=1",
					"$(inherited)",
				);
				GCC_WARN_64_TO_32_BIT_CONVERSION = YES;
				GCC_WARN_ABOUT_RETURN_TYPE = YES_ERROR;
				GCC_WARN_UNDECLARED_SELECTOR = YES;
				GCC_WARN_UNINITIALIZED_AUTOS = YES_AGGRESSIVE;
				GCC_WARN_UNUSED_FUNCTION = YES;
				GCC_WARN_UNUSED_VARIABLE = YES;
				IPHONEOS_DEPLOYMENT_TARGET = 14.5;
				MTL_ENABLE_DEBUG_INFO = INCLUDE_SOURCE;
				MTL_FAST_MATH = YES;
				ONLY_ACTIVE_ARCH = YES;
				SDKROOT = iphoneos;
				SWIFT_ACTIVE_COMPILATION_CONDITIONS = DEBUG;
				SWIFT_OPTIMIZATION_LEVEL = "-Onone";
			};
			name = Debug;
		};
		362C508E265FD60F000AAD33 /* Release */ = {
			isa = XCBuildConfiguration;
			buildSettings = {
				ALWAYS_SEARCH_USER_PATHS = NO;
				CLANG_ANALYZER_NONNULL = YES;
				CLANG_ANALYZER_NUMBER_OBJECT_CONVERSION = YES_AGGRESSIVE;
				CLANG_CXX_LANGUAGE_STANDARD = "gnu++14";
				CLANG_CXX_LIBRARY = "libc++";
				CLANG_ENABLE_MODULES = YES;
				CLANG_ENABLE_OBJC_ARC = YES;
				CLANG_ENABLE_OBJC_WEAK = YES;
				CLANG_WARN_BLOCK_CAPTURE_AUTORELEASING = YES;
				CLANG_WARN_BOOL_CONVERSION = YES;
				CLANG_WARN_COMMA = YES;
				CLANG_WARN_CONSTANT_CONVERSION = YES;
				CLANG_WARN_DEPRECATED_OBJC_IMPLEMENTATIONS = YES;
				CLANG_WARN_DIRECT_OBJC_ISA_USAGE = YES_ERROR;
				CLANG_WARN_DOCUMENTATION_COMMENTS = YES;
				CLANG_WARN_EMPTY_BODY = YES;
				CLANG_WARN_ENUM_CONVERSION = YES;
				CLANG_WARN_INFINITE_RECURSION = YES;
				CLANG_WARN_INT_CONVERSION = YES;
				CLANG_WARN_NON_LITERAL_NULL_CONVERSION = YES;
				CLANG_WARN_OBJC_IMPLICIT_RETAIN_SELF = YES;
				CLANG_WARN_OBJC_LITERAL_CONVERSION = YES;
				CLANG_WARN_OBJC_ROOT_CLASS = YES_ERROR;
				CLANG_WARN_QUOTED_INCLUDE_IN_FRAMEWORK_HEADER = YES;
				CLANG_WARN_RANGE_LOOP_ANALYSIS = YES;
				CLANG_WARN_STRICT_PROTOTYPES = YES;
				CLANG_WARN_SUSPICIOUS_MOVE = YES;
				CLANG_WARN_UNGUARDED_AVAILABILITY = YES_AGGRESSIVE;
				CLANG_WARN_UNREACHABLE_CODE = YES;
				CLANG_WARN__DUPLICATE_METHOD_MATCH = YES;
				COPY_PHASE_STRIP = NO;
				DEBUG_INFORMATION_FORMAT = "dwarf-with-dsym";
				ENABLE_NS_ASSERTIONS = NO;
				ENABLE_STRICT_OBJC_MSGSEND = YES;
				GCC_C_LANGUAGE_STANDARD = gnu11;
				GCC_NO_COMMON_BLOCKS = YES;
				GCC_WARN_64_TO_32_BIT_CONVERSION = YES;
				GCC_WARN_ABOUT_RETURN_TYPE = YES_ERROR;
				GCC_WARN_UNDECLARED_SELECTOR = YES;
				GCC_WARN_UNINITIALIZED_AUTOS = YES_AGGRESSIVE;
				GCC_WARN_UNUSED_FUNCTION = YES;
				GCC_WARN_UNUSED_VARIABLE = YES;
				IPHONEOS_DEPLOYMENT_TARGET = 14.5;
				MTL_ENABLE_DEBUG_INFO = NO;
				MTL_FAST_MATH = YES;
				SDKROOT = iphoneos;
				SWIFT_COMPILATION_MODE = wholemodule;
				SWIFT_OPTIMIZATION_LEVEL = "-O";
				VALIDATE_PRODUCT = YES;
			};
			name = Release;
		};
		362C5090265FD60F000AAD33 /* Debug */ = {
			isa = XCBuildConfiguration;
			buildSettings = {
				ASSETCATALOG_COMPILER_APPICON_NAME = AppIcon;
				ASSETCATALOG_COMPILER_GLOBAL_ACCENT_COLOR_NAME = AccentColor;
				CODE_SIGN_STYLE = Automatic;
				DEVELOPMENT_ASSET_PATHS = "\"Cupcake Corner/Preview Content\"";
				DEVELOPMENT_TEAM = M928AKP6PT;
				ENABLE_PREVIEWS = YES;
				INFOPLIST_FILE = "Cupcake Corner/Info.plist";
				IPHONEOS_DEPLOYMENT_TARGET = 14.0;
				LD_RUNPATH_SEARCH_PATHS = (
					"$(inherited)",
					"@executable_path/Frameworks",
				);
				PRODUCT_BUNDLE_IDENTIFIER = "com.windsor.alicia.Cupcake-Corner";
				PRODUCT_NAME = "$(TARGET_NAME)";
				SWIFT_VERSION = 5.0;
				TARGETED_DEVICE_FAMILY = "1,2";
			};
			name = Debug;
		};
		362C5091265FD60F000AAD33 /* Release */ = {
			isa = XCBuildConfiguration;
			buildSettings = {
				ASSETCATALOG_COMPILER_APPICON_NAME = AppIcon;
				ASSETCATALOG_COMPILER_GLOBAL_ACCENT_COLOR_NAME = AccentColor;
				CODE_SIGN_STYLE = Automatic;
				DEVELOPMENT_ASSET_PATHS = "\"Cupcake Corner/Preview Content\"";
				DEVELOPMENT_TEAM = M928AKP6PT;
				ENABLE_PREVIEWS = YES;
				INFOPLIST_FILE = "Cupcake Corner/Info.plist";
				IPHONEOS_DEPLOYMENT_TARGET = 14.0;
				LD_RUNPATH_SEARCH_PATHS = (
					"$(inherited)",
					"@executable_path/Frameworks",
				);
				PRODUCT_BUNDLE_IDENTIFIER = "com.windsor.alicia.Cupcake-Corner";
				PRODUCT_NAME = "$(TARGET_NAME)";
				SWIFT_VERSION = 5.0;
				TARGETED_DEVICE_FAMILY = "1,2";
			};
			name = Release;
		};
/* End XCBuildConfiguration section */

/* Begin XCConfigurationList section */
		362C507B265FD606000AAD33 /* Build configuration list for PBXProject "Cupcake Corner" */ = {
			isa = XCConfigurationList;
			buildConfigurations = (
				362C508D265FD60F000AAD33 /* Debug */,
				362C508E265FD60F000AAD33 /* Release */,
			);
			defaultConfigurationIsVisible = 0;
			defaultConfigurationName = Release;
		};
		362C508F265FD60F000AAD33 /* Build configuration list for PBXNativeTarget "Cupcake Corner" */ = {
			isa = XCConfigurationList;
			buildConfigurations = (
				362C5090265FD60F000AAD33 /* Debug */,
				362C5091265FD60F000AAD33 /* Release */,
			);
			defaultConfigurationIsVisible = 0;
			defaultConfigurationName = Release;
		};
/* End XCConfigurationList section */
	};
	rootObject = 362C5078265FD606000AAD33 /* Project object */;
}
